{
  "requires": true,
  "lockfileVersion": 1,
  "dependencies": {
    "@revolist/revogrid": {
      "version": "3.0.9",
      "resolved": "https://registry.npmjs.org/@revolist/revogrid/-/revogrid-3.0.9.tgz",
      "integrity": "sha512-jCjSMCoJCIEXNmq5/QKmoUQTO4cAvY99Y7lbfMIMsm4MVcb3r8Q/27OJu9u0AxFecucNKnJScNHYU9Oa4XZynw=="
    }
  }
}
